
Microsoft Visual Studio Solution File, Format Version 12.00
# Visual Studio 14
VisualStudioVersion = 14.0.25420.1
MinimumVisualStudioVersion = 10.0.40219.1
Project("{2150E333-8FDC-42A3-9474-1A3956D46DE8}") = "src", "src", "{5016E512-2EEC-44B1-B242-732712F772A3}"
EndProject
Project("{2150E333-8FDC-42A3-9474-1A3956D46DE8}") = "Solution Items", "Solution Items", "{2A9A45AC-98AC-46EC-96F9-4E899FE1022D}"
	ProjectSection(SolutionItems) = preProject
		global.json = global.json
	EndProjectSection
EndProject
Project("{8BB2217D-0F2D-49D1-97BC-3654ED321F3B}") = "ASPNETCore.Demo", "src\ASPNETCore.Demo\ASPNETCore.Demo.xproj", "{2C133B90-28C0-4B2A-97B1-F47B894C5A4B}"
EndProject
Global
	GlobalSection(SolutionConfigurationPlatforms) = preSolution
		Debug|Any CPU = Debug|Any CPU
		Release|Any CPU = Release|Any CPU
	EndGlobalSection
	GlobalSection(ProjectConfigurationPlatforms) = postSolution
		{2C133B90-28C0-4B2A-97B1-F47B894C5A4B}.Debug|Any CPU.ActiveCfg = Debug|Any CPU
		{2C133B90-28C0-4B2A-97B1-F47B894C5A4B}.Debug|Any CPU.Build.0 = Debug|Any CPU
		{2C133B90-28C0-4B2A-97B1-F47B894C5A4B}.Release|Any CPU.ActiveCfg = Release|Any CPU
		{2C133B90-28C0-4B2A-97B1-F47B894C5A4B}.Release|Any CPU.Build.0 = Release|Any CPU
	EndGlobalSection
	GlobalSection(SolutionProperties) = preSolution
		HideSolutionNode = FALSE
	EndGlobalSection
	GlobalSection(NestedProjects) = preSolution
		{2C133B90-28C0-4B2A-97B1-F47B894C5A4B} = {5016E512-2EEC-44B1-B242-732712F772A3}
	EndGlobalSection
EndGlobal
