
Microsoft Visual Studio Solution File, Format Version 12.00
# Visual Studio 14
VisualStudioVersion = 14.0.25420.1
MinimumVisualStudioVersion = 10.0.40219.1
Project("{FAE04EC0-301F-11D3-BF4B-00C04F79EFBC}") = "Demo.Feature.ElasticSearch", "Demo.Feature.ElasticSearch\Demo.Feature.ElasticSearch.csproj", "{A31B0CAA-418C-485C-9C63-9ABCB3CF9D54}"
EndProject
Project("{FAE04EC0-301F-11D3-BF4B-00C04F79EFBC}") = "ElasticSearchDemo", "ElasticSearchDemo\ElasticSearchDemo.csproj", "{1B2591A4-1E09-40CD-ACCA-40B9918718D6}"
EndProject
Global
	GlobalSection(SolutionConfigurationPlatforms) = preSolution
		Debug|Any CPU = Debug|Any CPU
		Release|Any CPU = Release|Any CPU
	EndGlobalSection
	GlobalSection(ProjectConfigurationPlatforms) = postSolution
		{A31B0CAA-418C-485C-9C63-9ABCB3CF9D54}.Debug|Any CPU.ActiveCfg = Debug|Any CPU
		{A31B0CAA-418C-485C-9C63-9ABCB3CF9D54}.Debug|Any CPU.Build.0 = Debug|Any CPU
		{A31B0CAA-418C-485C-9C63-9ABCB3CF9D54}.Release|Any CPU.ActiveCfg = Release|Any CPU
		{A31B0CAA-418C-485C-9C63-9ABCB3CF9D54}.Release|Any CPU.Build.0 = Release|Any CPU
		{1B2591A4-1E09-40CD-ACCA-40B9918718D6}.Debug|Any CPU.ActiveCfg = Debug|Any CPU
		{1B2591A4-1E09-40CD-ACCA-40B9918718D6}.Debug|Any CPU.Build.0 = Debug|Any CPU
		{1B2591A4-1E09-40CD-ACCA-40B9918718D6}.Release|Any CPU.ActiveCfg = Release|Any CPU
		{1B2591A4-1E09-40CD-ACCA-40B9918718D6}.Release|Any CPU.Build.0 = Release|Any CPU
	EndGlobalSection
	GlobalSection(SolutionProperties) = preSolution
		HideSolutionNode = FALSE
	EndGlobalSection
EndGlobal
