
Microsoft Visual Studio Solution File, Format Version 12.00
# Visual Studio 15
VisualStudioVersion = 15.0.27703.2047
MinimumVisualStudioVersion = 10.0.40219.1
Project("{FAE04EC0-301F-11D3-BF4B-00C04F79EFBC}") = "Sandbox.Foundation.PublishingService", "src\Foundation\PublishingService\code\Sandbox.Foundation.PublishingService.csproj", "{45A744DF-509F-4EE5-95A1-1A55EE75945C}"
EndProject
Project("{2150E333-8FDC-42A3-9474-1A3956D46DE8}") = "Foundation", "Foundation", "{879750A4-B3C3-4EE8-B46C-6FFBE54EB322}"
EndProject
Project("{2150E333-8FDC-42A3-9474-1A3956D46DE8}") = "PublishingService", "PublishingService", "{4F37D871-6662-4513-80D6-C3DEED62366F}"
EndProject
Global
	GlobalSection(SolutionConfigurationPlatforms) = preSolution
		Debug|Any CPU = Debug|Any CPU
		Release|Any CPU = Release|Any CPU
	EndGlobalSection
	GlobalSection(ProjectConfigurationPlatforms) = postSolution
		{45A744DF-509F-4EE5-95A1-1A55EE75945C}.Debug|Any CPU.ActiveCfg = Debug|Any CPU
		{45A744DF-509F-4EE5-95A1-1A55EE75945C}.Debug|Any CPU.Build.0 = Debug|Any CPU
		{45A744DF-509F-4EE5-95A1-1A55EE75945C}.Release|Any CPU.ActiveCfg = Release|Any CPU
		{45A744DF-509F-4EE5-95A1-1A55EE75945C}.Release|Any CPU.Build.0 = Release|Any CPU
	EndGlobalSection
	GlobalSection(SolutionProperties) = preSolution
		HideSolutionNode = FALSE
	EndGlobalSection
	GlobalSection(NestedProjects) = preSolution
		{45A744DF-509F-4EE5-95A1-1A55EE75945C} = {4F37D871-6662-4513-80D6-C3DEED62366F}
		{4F37D871-6662-4513-80D6-C3DEED62366F} = {879750A4-B3C3-4EE8-B46C-6FFBE54EB322}
	EndGlobalSection
	GlobalSection(ExtensibilityGlobals) = postSolution
		SolutionGuid = {C230A9F8-0553-47EB-A5FA-4EFDEB19B0DE}
	EndGlobalSection
EndGlobal
