
Microsoft Visual Studio Solution File, Format Version 12.00
# Visual Studio 15
VisualStudioVersion = 15.0.28010.0
MinimumVisualStudioVersion = 10.0.40219.1
Project("{FAE04EC0-301F-11D3-BF4B-00C04F79EFBC}") = "Sandbox.Customization.Publishing", "src\Sandbox.Customization.Publishing.csproj", "{2A1CF816-64BA-4C8B-A722-1443EC2C9B09}"
EndProject
Global
	GlobalSection(SolutionConfigurationPlatforms) = preSolution
		Debug|Any CPU = Debug|Any CPU
		Release|Any CPU = Release|Any CPU
	EndGlobalSection
	GlobalSection(ProjectConfigurationPlatforms) = postSolution
		{2A1CF816-64BA-4C8B-A722-1443EC2C9B09}.Debug|Any CPU.ActiveCfg = Debug|Any CPU
		{2A1CF816-64BA-4C8B-A722-1443EC2C9B09}.Debug|Any CPU.Build.0 = Debug|Any CPU
		{2A1CF816-64BA-4C8B-A722-1443EC2C9B09}.Release|Any CPU.ActiveCfg = Release|Any CPU
		{2A1CF816-64BA-4C8B-A722-1443EC2C9B09}.Release|Any CPU.Build.0 = Release|Any CPU
	EndGlobalSection
	GlobalSection(SolutionProperties) = preSolution
		HideSolutionNode = FALSE
	EndGlobalSection
	GlobalSection(ExtensibilityGlobals) = postSolution
		SolutionGuid = {10C0CCF9-4789-4745-9649-9B92311E0083}
	EndGlobalSection
EndGlobal
